
Microsoft Visual Studio Solution File, Format Version 12.00
# Visual Studio 15
VisualStudioVersion = 15.0.27130.2036
MinimumVisualStudioVersion = 10.0.40219.1
Project("{9A19103F-16F7-4668-BE54-9A1E7A4F7556}") = "Bnaya.CSharp.AsyncExtensions", "Bnaya.CSharp.AsyncExtensions\Bnaya.CSharp.AsyncExtensions.csproj", "{AE366E33-765A-412B-B73D-E0B91DC02E8A}"
EndProject
Project("{FAE04EC0-301F-11D3-BF4B-00C04F79EFBC}") = "Bnaya.CSharp.AsyncExtensions.Tests", "Bnaya.CSharp.AsyncExtensions.Tests\Bnaya.CSharp.AsyncExtensions.Tests.csproj", "{49FAC379-9B9D-41E8-9B00-A9C9F7165A12}"
EndProject
Project("{9A19103F-16F7-4668-BE54-9A1E7A4F7556}") = "Bnaya.CSharp.RxExtensions", "Bnaya.CSharp.RxExtensions\Bnaya.CSharp.RxExtensions.csproj", "{24482D3F-65B1-42A7-ABD6-FC53E072EE0A}"
EndProject
Project("{9A19103F-16F7-4668-BE54-9A1E7A4F7556}") = "Bnaya.CSharp.CollectionExtensions", "Bnaya.CSharp.CollectionExtensions\Bnaya.CSharp.CollectionExtensions.csproj", "{33846813-C795-4386-9537-73FBA8A0D2E8}"
EndProject
Project("{2150E333-8FDC-42A3-9474-1A3956D46DE8}") = "Solution Items", "Solution Items", "{A14C2086-5FDA-4212-869B-061DFD908C07}"
	ProjectSection(SolutionItems) = preProject
		Ideas.txt = Ideas.txt
	EndProjectSection
EndProject
Project("{2150E333-8FDC-42A3-9474-1A3956D46DE8}") = "ConsoleTests", "ConsoleTests", "{B0355018-56BF-4DC1-BB81-5287C50BECC6}"
EndProject
Project("{FAE04EC0-301F-11D3-BF4B-00C04F79EFBC}") = "CoreConsoleTest", "ConsoleTests\CoreConsoleTest\CoreConsoleTest.csproj", "{9B40A949-D189-40E1-A44C-C67D18C0BAB6}"
EndProject
Global
	GlobalSection(SolutionConfigurationPlatforms) = preSolution
		Debug|Any CPU = Debug|Any CPU
		Release|Any CPU = Release|Any CPU
	EndGlobalSection
	GlobalSection(ProjectConfigurationPlatforms) = postSolution
		{AE366E33-765A-412B-B73D-E0B91DC02E8A}.Debug|Any CPU.ActiveCfg = Debug|Any CPU
		{AE366E33-765A-412B-B73D-E0B91DC02E8A}.Debug|Any CPU.Build.0 = Debug|Any CPU
		{AE366E33-765A-412B-B73D-E0B91DC02E8A}.Release|Any CPU.ActiveCfg = Release|Any CPU
		{AE366E33-765A-412B-B73D-E0B91DC02E8A}.Release|Any CPU.Build.0 = Release|Any CPU
		{49FAC379-9B9D-41E8-9B00-A9C9F7165A12}.Debug|Any CPU.ActiveCfg = Debug|Any CPU
		{49FAC379-9B9D-41E8-9B00-A9C9F7165A12}.Debug|Any CPU.Build.0 = Debug|Any CPU
		{49FAC379-9B9D-41E8-9B00-A9C9F7165A12}.Release|Any CPU.ActiveCfg = Release|Any CPU
		{49FAC379-9B9D-41E8-9B00-A9C9F7165A12}.Release|Any CPU.Build.0 = Release|Any CPU
		{24482D3F-65B1-42A7-ABD6-FC53E072EE0A}.Debug|Any CPU.ActiveCfg = Debug|Any CPU
		{24482D3F-65B1-42A7-ABD6-FC53E072EE0A}.Debug|Any CPU.Build.0 = Debug|Any CPU
		{24482D3F-65B1-42A7-ABD6-FC53E072EE0A}.Release|Any CPU.ActiveCfg = Release|Any CPU
		{24482D3F-65B1-42A7-ABD6-FC53E072EE0A}.Release|Any CPU.Build.0 = Release|Any CPU
		{33846813-C795-4386-9537-73FBA8A0D2E8}.Debug|Any CPU.ActiveCfg = Debug|Any CPU
		{33846813-C795-4386-9537-73FBA8A0D2E8}.Debug|Any CPU.Build.0 = Debug|Any CPU
		{33846813-C795-4386-9537-73FBA8A0D2E8}.Release|Any CPU.ActiveCfg = Release|Any CPU
		{33846813-C795-4386-9537-73FBA8A0D2E8}.Release|Any CPU.Build.0 = Release|Any CPU
		{9B40A949-D189-40E1-A44C-C67D18C0BAB6}.Debug|Any CPU.ActiveCfg = Debug|Any CPU
		{9B40A949-D189-40E1-A44C-C67D18C0BAB6}.Debug|Any CPU.Build.0 = Debug|Any CPU
		{9B40A949-D189-40E1-A44C-C67D18C0BAB6}.Release|Any CPU.ActiveCfg = Release|Any CPU
		{9B40A949-D189-40E1-A44C-C67D18C0BAB6}.Release|Any CPU.Build.0 = Release|Any CPU
	EndGlobalSection
	GlobalSection(SolutionProperties) = preSolution
		HideSolutionNode = FALSE
	EndGlobalSection
	GlobalSection(NestedProjects) = preSolution
		{9B40A949-D189-40E1-A44C-C67D18C0BAB6} = {B0355018-56BF-4DC1-BB81-5287C50BECC6}
	EndGlobalSection
	GlobalSection(ExtensibilityGlobals) = postSolution
		SolutionGuid = {B314C6AA-F951-4F27-BCEC-7C4C5EB1988F}
	EndGlobalSection
EndGlobal
